namespace NumberGuesser
{
    internal class Program
    {
        static void Main(string[] args)
        {
            Random rnd = new Random();
            int number = rnd.Next(1, 10);
           
            Console.Write("Geben sie einzahl zwischen 1-100 ein: ");
            int eingabe = Convert.ToInt32(Console.ReadLine());
            int eingabe2;
             
            do
            {
                Console.Write("Ihre Zahl ist leider falsch versuchen sie es erneut: ");
                eingabe2 = Convert.ToInt32(Console.ReadLine());
                if (eingabe > number || eingabe2 > number)
                {
                    Console.WriteLine(eingabe2 + " ihre Zahl ist zu gross versuche es kleiner");
                }else if(eingabe < number || eingabe2 < number)
                {
                    Console.WriteLine(eingabe2 + " ihre Zahl ist zu klein versuche es grösser"); 
                }
                
                if(eingabe2 == number){
                    Console.WriteLine("Ihre Zahl " + number + " ist richtig");
                }

            } while (eingabe != number && eingabe2 != number);
        }
    }
}
